
Microsoft Visual Studio Solution File, Format Version 12.00
# Visual Studio Version 16
VisualStudioVersion = 16.0.29613.14
MinimumVisualStudioVersion = 10.0.40219.1
Project("{FAE04EC0-301F-11D3-BF4B-00C04F79EFBC}") = "HW2", "Hw2\HW2.csproj", "{55B463E2-507E-441A-B48C-5117E8C5319B}"
EndProject
Global
	GlobalSection(SolutionConfigurationPlatforms) = preSolution
		Debug|Any CPU = Debug|Any CPU
		Release|Any CPU = Release|Any CPU
	EndGlobalSection
	GlobalSection(ProjectConfigurationPlatforms) = postSolution
		{55B463E2-507E-441A-B48C-5117E8C5319B}.Debug|Any CPU.ActiveCfg = Debug|Any CPU
		{55B463E2-507E-441A-B48C-5117E8C5319B}.Debug|Any CPU.Build.0 = Debug|Any CPU
		{55B463E2-507E-441A-B48C-5117E8C5319B}.Release|Any CPU.ActiveCfg = Release|Any CPU
		{55B463E2-507E-441A-B48C-5117E8C5319B}.Release|Any CPU.Build.0 = Release|Any CPU
	EndGlobalSection
	GlobalSection(SolutionProperties) = preSolution
		HideSolutionNode = FALSE
	EndGlobalSection
	GlobalSection(ExtensibilityGlobals) = postSolution
		SolutionGuid = {E373DD64-5D35-43BC-A859-EFDC45CE15FD}
	EndGlobalSection
EndGlobal
